// !$*UTF8*$!
{
	archiveVersion = 1;
	classes = {
	};
	objectVersion = 50;
	objects = {

/* Begin PBXBuildFile section */
		34BC965326E7900F009536E6 /* AppDelegate.swift in Sources */ = {isa = PBXBuildFile; fileRef = 34BC965226E7900F009536E6 /* AppDelegate.swift */; };
		34BC965526E7900F009536E6 /* SceneDelegate.swift in Sources */ = {isa = PBXBuildFile; fileRef = 34BC965426E7900F009536E6 /* SceneDelegate.swift */; };
		34BC965C26E79012009536E6 /* Assets.xcassets in Resources */ = {isa = PBXBuildFile; fileRef = 34BC965B26E79012009536E6 /* Assets.xcassets */; };
		34BC965F26E79012009536E6 /* LaunchScreen.storyboard in Resources */ = {isa = PBXBuildFile; fileRef = 34BC965D26E79012009536E6 /* LaunchScreen.storyboard */; };
		34BC966D26EFFA7B009536E6 /* ProfileView.swift in Sources */ = {isa = PBXBuildFile; fileRef = 34BC966C26EFFA7B009536E6 /* ProfileView.swift */; };
		34BC966F26F0FACC009536E6 /* Profile.storyboard in Resources */ = {isa = PBXBuildFile; fileRef = 34BC966E26F0FACC009536E6 /* Profile.storyboard */; };
		34BC967126F0FAE1009536E6 /* ProfileViewController.swift in Sources */ = {isa = PBXBuildFile; fileRef = 34BC967026F0FAE1009536E6 /* ProfileViewController.swift */; };
		34BC967326F50FAC009536E6 /* ProfileView.xib in Resources */ = {isa = PBXBuildFile; fileRef = 34BC967226F50FAC009536E6 /* ProfileView.xib */; };
/* End PBXBuildFile section */

/* Begin PBXFileReference section */
		34BC964F26E7900F009536E6 /* Netology_IB_Instruments.app */ = {isa = PBXFileReference; explicitFileType = wrapper.application; includeInIndex = 0; path = Netology_IB_Instruments.app; sourceTree = BUILT_PRODUCTS_DIR; };
		34BC965226E7900F009536E6 /* AppDelegate.swift */ = {isa = PBXFileReference; lastKnownFileType = sourcecode.swift; path = AppDelegate.swift; sourceTree = "<group>"; };
		34BC965426E7900F009536E6 /* SceneDelegate.swift */ = {isa = PBXFileReference; lastKnownFileType = sourcecode.swift; path = SceneDelegate.swift; sourceTree = "<group>"; };
		34BC965B26E79012009536E6 /* Assets.xcassets */ = {isa = PBXFileReference; lastKnownFileType = folder.assetcatalog; path = Assets.xcassets; sourceTree = "<group>"; };
		34BC965E26E79012009536E6 /* Base */ = {isa = PBXFileReference; lastKnownFileType = file.storyboard; name = Base; path = Base.lproj/LaunchScreen.storyboard; sourceTree = "<group>"; };
		34BC966026E79012009536E6 /* Info.plist */ = {isa = PBXFileReference; lastKnownFileType = text.plist.xml; path = Info.plist; sourceTree = "<group>"; };
		34BC966C26EFFA7B009536E6 /* ProfileView.swift */ = {isa = PBXFileReference; lastKnownFileType = sourcecode.swift; path = ProfileView.swift; sourceTree = "<group>"; };
		34BC966E26F0FACC009536E6 /* Profile.storyboard */ = {isa = PBXFileReference; lastKnownFileType = file.storyboard; path = Profile.storyboard; sourceTree = "<group>"; };
		34BC967026F0FAE1009536E6 /* ProfileViewController.swift */ = {isa = PBXFileReference; lastKnownFileType = sourcecode.swift; path = ProfileViewController.swift; sourceTree = "<group>"; };
		34BC967226F50FAC009536E6 /* ProfileView.xib */ = {isa = PBXFileReference; lastKnownFileType = file.xib; path = ProfileView.xib; sourceTree = "<group>"; };
/* End PBXFileReference section */

/* Begin PBXFrameworksBuildPhase section */
		34BC964C26E7900F009536E6 /* Frameworks */ = {
			isa = PBXFrameworksBuildPhase;
			buildActionMask = 2147483647;
			files = (
			);
			runOnlyForDeploymentPostprocessing = 0;
		};
/* End PBXFrameworksBuildPhase section */

/* Begin PBXGroup section */
		34BC964626E7900F009536E6 = {
			isa = PBXGroup;
			children = (
				34BC965126E7900F009536E6 /* Netology_IB_Instruments */,
				34BC965026E7900F009536E6 /* Products */,
			);
			sourceTree = "<group>";
		};
		34BC965026E7900F009536E6 /* Products */ = {
			isa = PBXGroup;
			children = (
				34BC964F26E7900F009536E6 /* Netology_IB_Instruments.app */,
			);
			name = Products;
			sourceTree = "<group>";
		};
		34BC965126E7900F009536E6 /* Netology_IB_Instruments */ = {
			isa = PBXGroup;
			children = (
				34BC965226E7900F009536E6 /* AppDelegate.swift */,
				34BC966C26EFFA7B009536E6 /* ProfileView.swift */,
				34BC965426E7900F009536E6 /* SceneDelegate.swift */,
				34BC966E26F0FACC009536E6 /* Profile.storyboard */,
				34BC967226F50FAC009536E6 /* ProfileView.xib */,
				34BC965B26E79012009536E6 /* Assets.xcassets */,
				34BC967026F0FAE1009536E6 /* ProfileViewController.swift */,
				34BC965D26E79012009536E6 /* LaunchScreen.storyboard */,
				34BC966026E79012009536E6 /* Info.plist */,
			);
			path = Netology_IB_Instruments;
			sourceTree = "<group>";
		};
/* End PBXGroup section */

/* Begin PBXNativeTarget section */
		34BC964E26E7900F009536E6 /* Netology_IB_Instruments */ = {
			isa = PBXNativeTarget;
			buildConfigurationList = 34BC966326E79012009536E6 /* Build configuration list for PBXNativeTarget "Netology_IB_Instruments" */;
			buildPhases = (
				34BC964B26E7900F009536E6 /* Sources */,
				34BC964C26E7900F009536E6 /* Frameworks */,
				34BC964D26E7900F009536E6 /* Resources */,
			);
			buildRules = (
			);
			dependencies = (
			);
			name = Netology_IB_Instruments;
			productName = Netology_IB_Instruments;
			productReference = 34BC964F26E7900F009536E6 /* Netology_IB_Instruments.app */;
			productType = "com.apple.product-type.application";
		};
/* End PBXNativeTarget section */

/* Begin PBXProject section */
		34BC964726E7900F009536E6 /* Project object */ = {
			isa = PBXProject;
			attributes = {
				LastSwiftUpdateCheck = 1250;
				LastUpgradeCheck = 1250;
				TargetAttributes = {
					34BC964E26E7900F009536E6 = {
						CreatedOnToolsVersion = 12.5.1;
					};
				};
			};
			buildConfigurationList = 34BC964A26E7900F009536E6 /* Build configuration list for PBXProject "Netology_IB_Instruments" */;
			compatibilityVersion = "Xcode 9.3";
			developmentRegion = en;
			hasScannedForEncodings = 0;
			knownRegions = (
				en,
				Base,
			);
			mainGroup = 34BC964626E7900F009536E6;
			productRefGroup = 34BC965026E7900F009536E6 /* Products */;
			projectDirPath = "";
			projectRoot = "";
			targets = (
				34BC964E26E7900F009536E6 /* Netology_IB_Instruments */,
			);
		};
/* End PBXProject section */

/* Begin PBXResourcesBuildPhase section */
		34BC964D26E7900F009536E6 /* Resources */ = {
			isa = PBXResourcesBuildPhase;
			buildActionMask = 2147483647;
			files = (
				34BC965F26E79012009536E6 /* LaunchScreen.storyboard in Resources */,
				34BC967326F50FAC009536E6 /* ProfileView.xib in Resources */,
				34BC966F26F0FACC009536E6 /* Profile.storyboard in Resources */,
				34BC965C26E79012009536E6 /* Assets.xcassets in Resources */,
			);
			runOnlyForDeploymentPostprocessing = 0;
		};
/* End PBXResourcesBuildPhase section */

/* Begin PBXSourcesBuildPhase section */
		34BC964B26E7900F009536E6 /* Sources */ = {
			isa = PBXSourcesBuildPhase;
			buildActionMask = 2147483647;
			files = (
				34BC966D26EFFA7B009536E6 /* ProfileView.swift in Sources */,
				34BC967126F0FAE1009536E6 /* ProfileViewController.swift in Sources */,
				34BC965326E7900F009536E6 /* AppDelegate.swift in Sources */,
				34BC965526E7900F009536E6 /* SceneDelegate.swift in Sources */,
			);
			runOnlyForDeploymentPostprocessing = 0;
		};
/* End PBXSourcesBuildPhase section */

/* Begin PBXVariantGroup section */
		34BC965D26E79012009536E6 /* LaunchScreen.storyboard */ = {
			isa = PBXVariantGroup;
			children = (
				34BC965E26E79012009536E6 /* Base */,
			);
			name = LaunchScreen.storyboard;
			sourceTree = "<group>";
		};
/* End PBXVariantGroup section */

/* Begin XCBuildConfiguration section */
		34BC966126E79012009536E6 /* Debug */ = {
			isa = XCBuildConfiguration;
			buildSettings = {
				ALWAYS_SEARCH_USER_PATHS = NO;
				CLANG_ANALYZER_NONNULL = YES;
				CLANG_ANALYZER_NUMBER_OBJECT_CONVERSION = YES_AGGRESSIVE;
				CLANG_CXX_LANGUAGE_STANDARD = "gnu++14";
				CLANG_CXX_LIBRARY = "libc++";
				CLANG_ENABLE_MODULES = YES;
				CLANG_ENABLE_OBJC_ARC = YES;
				CLANG_ENABLE_OBJC_WEAK = YES;
				CLANG_WARN_BLOCK_CAPTURE_AUTORELEASING = YES;
				CLANG_WARN_BOOL_CONVERSION = YES;
				CLANG_WARN_COMMA = YES;
				CLANG_WARN_CONSTANT_CONVERSION = YES;
				CLANG_WARN_DEPRECATED_OBJC_IMPLEMENTATIONS = YES;
				CLANG_WARN_DIRECT_OBJC_ISA_USAGE = YES_ERROR;
				CLANG_WARN_DOCUMENTATION_COMMENTS = YES;
				CLANG_WARN_EMPTY_BODY = YES;
				CLANG_WARN_ENUM_CONVERSION = YES;
				CLANG_WARN_INFINITE_RECURSION = YES;
				CLANG_WARN_INT_CONVERSION = YES;
				CLANG_WARN_NON_LITERAL_NULL_CONVERSION = YES;
				CLANG_WARN_OBJC_IMPLICIT_RETAIN_SELF = YES;
				CLANG_WARN_OBJC_LITERAL_CONVERSION = YES;
				CLANG_WARN_OBJC_ROOT_CLASS = YES_ERROR;
				CLANG_WARN_QUOTED_INCLUDE_IN_FRAMEWORK_HEADER = YES;
				CLANG_WARN_RANGE_LOOP_ANALYSIS = YES;
				CLANG_WARN_STRICT_PROTOTYPES = YES;
				CLANG_WARN_SUSPICIOUS_MOVE = YES;
				CLANG_WARN_UNGUARDED_AVAILABILITY = YES_AGGRESSIVE;
				CLANG_WARN_UNREACHABLE_CODE = YES;
				CLANG_WARN__DUPLICATE_METHOD_MATCH = YES;
				COPY_PHASE_STRIP = NO;
				DEBUG_INFORMATION_FORMAT = dwarf;
				ENABLE_STRICT_OBJC_MSGSEND = YES;
				ENABLE_TESTABILITY = YES;
				GCC_C_LANGUAGE_STANDARD = gnu11;
				GCC_DYNAMIC_NO_PIC = NO;
				GCC_NO_COMMON_BLOCKS = YES;
				GCC_OPTIMIZATION_LEVEL = 0;
				GCC_PREPROCESSOR_DEFINITIONS = (
					"DEBUG=1",
					"$(inherited)",
				);
				GCC_WARN_64_TO_32_BIT_CONVERSION = YES;
				GCC_WARN_ABOUT_RETURN_TYPE = YES_ERROR;
				GCC_WARN_UNDECLARED_SELECTOR = YES;
				GCC_WARN_UNINITIALIZED_AUTOS = YES_AGGRESSIVE;
				GCC_WARN_UNUSED_FUNCTION = YES;
				GCC_WARN_UNUSED_VARIABLE = YES;
				IPHONEOS_DEPLOYMENT_TARGET = 14.5;
				MTL_ENABLE_DEBUG_INFO = INCLUDE_SOURCE;
				MTL_FAST_MATH = YES;
				ONLY_ACTIVE_ARCH = YES;
				SDKROOT = iphoneos;
				SWIFT_ACTIVE_COMPILATION_CONDITIONS = DEBUG;
				SWIFT_OPTIMIZATION_LEVEL = "-Onone";
			};
			name = Debug;
		};
		34BC966226E79012009536E6 /* Release */ = {
			isa = XCBuildConfiguration;
			buildSettings = {
				ALWAYS_SEARCH_USER_PATHS = NO;
				CLANG_ANALYZER_NONNULL = YES;
				CLANG_ANALYZER_NUMBER_OBJECT_CONVERSION = YES_AGGRESSIVE;
				CLANG_CXX_LANGUAGE_STANDARD = "gnu++14";
				CLANG_CXX_LIBRARY = "libc++";
				CLANG_ENABLE_MODULES = YES;
				CLANG_ENABLE_OBJC_ARC = YES;
				CLANG_ENABLE_OBJC_WEAK = YES;
				CLANG_WARN_BLOCK_CAPTURE_AUTORELEASING = YES;
				CLANG_WARN_BOOL_CONVERSION = YES;
				CLANG_WARN_COMMA = YES;
				CLANG_WARN_CONSTANT_CONVERSION = YES;
				CLANG_WARN_DEPRECATED_OBJC_IMPLEMENTATIONS = YES;
				CLANG_WARN_DIRECT_OBJC_ISA_USAGE = YES_ERROR;
				CLANG_WARN_DOCUMENTATION_COMMENTS = YES;
				CLANG_WARN_EMPTY_BODY = YES;
				CLANG_WARN_ENUM_CONVERSION = YES;
				CLANG_WARN_INFINITE_RECURSION = YES;
				CLANG_WARN_INT_CONVERSION = YES;
				CLANG_WARN_NON_LITERAL_NULL_CONVERSION = YES;
				CLANG_WARN_OBJC_IMPLICIT_RETAIN_SELF = YES;
				CLANG_WARN_OBJC_LITERAL_CONVERSION = YES;
				CLANG_WARN_OBJC_ROOT_CLASS = YES_ERROR;
				CLANG_WARN_QUOTED_INCLUDE_IN_FRAMEWORK_HEADER = YES;
				CLANG_WARN_RANGE_LOOP_ANALYSIS = YES;
				CLANG_WARN_STRICT_PROTOTYPES = YES;
				CLANG_WARN_SUSPICIOUS_MOVE = YES;
				CLANG_WARN_UNGUARDED_AVAILABILITY = YES_AGGRESSIVE;
				CLANG_WARN_UNREACHABLE_CODE = YES;
				CLANG_WARN__DUPLICATE_METHOD_MATCH = YES;
				COPY_PHASE_STRIP = NO;
				DEBUG_INFORMATION_FORMAT = "dwarf-with-dsym";
				ENABLE_NS_ASSERTIONS = NO;
				ENABLE_STRICT_OBJC_MSGSEND = YES;
				GCC_C_LANGUAGE_STANDARD = gnu11;
				GCC_NO_COMMON_BLOCKS = YES;
				GCC_WARN_64_TO_32_BIT_CONVERSION = YES;
				GCC_WARN_ABOUT_RETURN_TYPE = YES_ERROR;
				GCC_WARN_UNDECLARED_SELECTOR = YES;
				GCC_WARN_UNINITIALIZED_AUTOS = YES_AGGRESSIVE;
				GCC_WARN_UNUSED_FUNCTION = YES;
				GCC_WARN_UNUSED_VARIABLE = YES;
				IPHONEOS_DEPLOYMENT_TARGET = 14.5;
				MTL_ENABLE_DEBUG_INFO = NO;
				MTL_FAST_MATH = YES;
				SDKROOT = iphoneos;
				SWIFT_COMPILATION_MODE = wholemodule;
				SWIFT_OPTIMIZATION_LEVEL = "-O";
				VALIDATE_PRODUCT = YES;
			};
			name = Release;
		};
		34BC966426E79012009536E6 /* Debug */ = {
			isa = XCBuildConfiguration;
			buildSettings = {
				ASSETCATALOG_COMPILER_APPICON_NAME = AppIcon;
				ASSETCATALOG_COMPILER_GLOBAL_ACCENT_COLOR_NAME = AccentColor;
				CODE_SIGN_STYLE = Automatic;
				DEVELOPMENT_TEAM = UTZB7U77HF;
				INFOPLIST_FILE = Netology_IB_Instruments/Info.plist;
				LD_RUNPATH_SEARCH_PATHS = (
					"$(inherited)",
					"@executable_path/Frameworks",
				);
				PRODUCT_BUNDLE_IDENTIFIER = "tania-v.Netology-IB-Instruments";
				PRODUCT_NAME = "$(TARGET_NAME)";
				SWIFT_VERSION = 5.0;
				TARGETED_DEVICE_FAMILY = "1,2";
			};
			name = Debug;
		};
		34BC966526E79012009536E6 /* Release */ = {
			isa = XCBuildConfiguration;
			buildSettings = {
				ASSETCATALOG_COMPILER_APPICON_NAME = AppIcon;
				ASSETCATALOG_COMPILER_GLOBAL_ACCENT_COLOR_NAME = AccentColor;
				CODE_SIGN_STYLE = Automatic;
				DEVELOPMENT_TEAM = UTZB7U77HF;
				INFOPLIST_FILE = Netology_IB_Instruments/Info.plist;
				LD_RUNPATH_SEARCH_PATHS = (
					"$(inherited)",
					"@executable_path/Frameworks",
				);
				PRODUCT_BUNDLE_IDENTIFIER = "tania-v.Netology-IB-Instruments";
				PRODUCT_NAME = "$(TARGET_NAME)";
				SWIFT_VERSION = 5.0;
				TARGETED_DEVICE_FAMILY = "1,2";
			};
			name = Release;
		};
/* End XCBuildConfiguration section */

/* Begin XCConfigurationList section */
		34BC964A26E7900F009536E6 /* Build configuration list for PBXProject "Netology_IB_Instruments" */ = {
			isa = XCConfigurationList;
			buildConfigurations = (
				34BC966126E79012009536E6 /* Debug */,
				34BC966226E79012009536E6 /* Release */,
			);
			defaultConfigurationIsVisible = 0;
			defaultConfigurationName = Release;
		};
		34BC966326E79012009536E6 /* Build configuration list for PBXNativeTarget "Netology_IB_Instruments" */ = {
			isa = XCConfigurationList;
			buildConfigurations = (
				34BC966426E79012009536E6 /* Debug */,
				34BC966526E79012009536E6 /* Release */,
			);
			defaultConfigurationIsVisible = 0;
			defaultConfigurationName = Release;
		};
/* End XCConfigurationList section */
	};
	rootObject = 34BC964726E7900F009536E6 /* Project object */;
}
